// !$*UTF8*$!
{
	archiveVersion = 1;
	classes = {
	};
	objectVersion = 56;
	objects = {

/* Begin PBXBuildFile section */
		F55FB27429706CD90019D8DD /* TasksTVC.swift in Sources */ = {isa = PBXBuildFile; fileRef = F55FB27329706CD90019D8DD /* TasksTVC.swift */; };
		F5CD18B3296ECDF1000078B0 /* AppDelegate.swift in Sources */ = {isa = PBXBuildFile; fileRef = F5CD18B2296ECDF1000078B0 /* AppDelegate.swift */; };
		F5CD18B5296ECDF1000078B0 /* SceneDelegate.swift in Sources */ = {isa = PBXBuildFile; fileRef = F5CD18B4296ECDF1000078B0 /* SceneDelegate.swift */; };
		F5CD18BA296ECDF1000078B0 /* Main.storyboard in Resources */ = {isa = PBXBuildFile; fileRef = F5CD18B8296ECDF1000078B0 /* Main.storyboard */; };
		F5CD18BC296ECDF2000078B0 /* Assets.xcassets in Resources */ = {isa = PBXBuildFile; fileRef = F5CD18BB296ECDF2000078B0 /* Assets.xcassets */; };
		F5CD18BF296ECDF2000078B0 /* LaunchScreen.storyboard in Resources */ = {isa = PBXBuildFile; fileRef = F5CD18BD296ECDF2000078B0 /* LaunchScreen.storyboard */; };
		F5CD18C8296ED123000078B0 /* Realm in Frameworks */ = {isa = PBXBuildFile; productRef = F5CD18C7296ED123000078B0 /* Realm */; };
		F5CD18CA296ED123000078B0 /* RealmSwift in Frameworks */ = {isa = PBXBuildFile; productRef = F5CD18C9296ED123000078B0 /* RealmSwift */; };
		F5CD18D1296ED39D000078B0 /* TasksList.swift in Sources */ = {isa = PBXBuildFile; fileRef = F5CD18D0296ED39D000078B0 /* TasksList.swift */; };
		F5CD18D3296ED3EF000078B0 /* ListModel.swift in Sources */ = {isa = PBXBuildFile; fileRef = F5CD18D2296ED3EF000078B0 /* ListModel.swift */; };
		F5CD18D5296ED533000078B0 /* TasksListsTVC.swift in Sources */ = {isa = PBXBuildFile; fileRef = F5CD18D4296ED533000078B0 /* TasksListsTVC.swift */; };
		F5CD18D7296ED7DE000078B0 /* StorageManager.swift in Sources */ = {isa = PBXBuildFile; fileRef = F5CD18D6296ED7DE000078B0 /* StorageManager.swift */; };
/* End PBXBuildFile section */

/* Begin PBXFileReference section */
		F55FB27329706CD90019D8DD /* TasksTVC.swift */ = {isa = PBXFileReference; lastKnownFileType = sourcecode.swift; path = TasksTVC.swift; sourceTree = "<group>"; };
		F5CD18AF296ECDF1000078B0 /* RealmApp.app */ = {isa = PBXFileReference; explicitFileType = wrapper.application; includeInIndex = 0; path = RealmApp.app; sourceTree = BUILT_PRODUCTS_DIR; };
		F5CD18B2296ECDF1000078B0 /* AppDelegate.swift */ = {isa = PBXFileReference; lastKnownFileType = sourcecode.swift; path = AppDelegate.swift; sourceTree = "<group>"; };
		F5CD18B4296ECDF1000078B0 /* SceneDelegate.swift */ = {isa = PBXFileReference; lastKnownFileType = sourcecode.swift; path = SceneDelegate.swift; sourceTree = "<group>"; };
		F5CD18B9296ECDF1000078B0 /* Base */ = {isa = PBXFileReference; lastKnownFileType = file.storyboard; name = Base; path = Base.lproj/Main.storyboard; sourceTree = "<group>"; };
		F5CD18BB296ECDF2000078B0 /* Assets.xcassets */ = {isa = PBXFileReference; lastKnownFileType = folder.assetcatalog; path = Assets.xcassets; sourceTree = "<group>"; };
		F5CD18BE296ECDF2000078B0 /* Base */ = {isa = PBXFileReference; lastKnownFileType = file.storyboard; name = Base; path = Base.lproj/LaunchScreen.storyboard; sourceTree = "<group>"; };
		F5CD18C0296ECDF2000078B0 /* Info.plist */ = {isa = PBXFileReference; lastKnownFileType = text.plist.xml; path = Info.plist; sourceTree = "<group>"; };
		F5CD18D0296ED39D000078B0 /* TasksList.swift */ = {isa = PBXFileReference; lastKnownFileType = sourcecode.swift; path = TasksList.swift; sourceTree = "<group>"; };
		F5CD18D2296ED3EF000078B0 /* ListModel.swift */ = {isa = PBXFileReference; lastKnownFileType = sourcecode.swift; path = ListModel.swift; sourceTree = "<group>"; };
		F5CD18D4296ED533000078B0 /* TasksListsTVC.swift */ = {isa = PBXFileReference; lastKnownFileType = sourcecode.swift; path = TasksListsTVC.swift; sourceTree = "<group>"; };
		F5CD18D6296ED7DE000078B0 /* StorageManager.swift */ = {isa = PBXFileReference; lastKnownFileType = sourcecode.swift; path = StorageManager.swift; sourceTree = "<group>"; };
/* End PBXFileReference section */

/* Begin PBXFrameworksBuildPhase section */
		F5CD18AC296ECDF1000078B0 /* Frameworks */ = {
			isa = PBXFrameworksBuildPhase;
			buildActionMask = 2147483647;
			files = (
				F5CD18CA296ED123000078B0 /* RealmSwift in Frameworks */,
				F5CD18C8296ED123000078B0 /* Realm in Frameworks */,
			);
			runOnlyForDeploymentPostprocessing = 0;
		};
/* End PBXFrameworksBuildPhase section */

/* Begin PBXGroup section */
		F5CD18A6296ECDF1000078B0 = {
			isa = PBXGroup;
			children = (
				F5CD18B1296ECDF1000078B0 /* RealmApp */,
				F5CD18B0296ECDF1000078B0 /* Products */,
			);
			sourceTree = "<group>";
		};
		F5CD18B0296ECDF1000078B0 /* Products */ = {
			isa = PBXGroup;
			children = (
				F5CD18AF296ECDF1000078B0 /* RealmApp.app */,
			);
			name = Products;
			sourceTree = "<group>";
		};
		F5CD18B1296ECDF1000078B0 /* RealmApp */ = {
			isa = PBXGroup;
			children = (
				F5CD18CF296ED1FC000078B0 /* Manager */,
				F5CD18CE296ED1F1000078B0 /* Model */,
				F5CD18CC296ED1D2000078B0 /* View */,
				F5CD18CD296ED1E1000078B0 /* Controller */,
				F5CD18BB296ECDF2000078B0 /* Assets.xcassets */,
				F5CD18CB296ED1B0000078B0 /* AppDelegate */,
				F5CD18C0296ECDF2000078B0 /* Info.plist */,
			);
			path = RealmApp;
			sourceTree = "<group>";
		};
		F5CD18CB296ED1B0000078B0 /* AppDelegate */ = {
			isa = PBXGroup;
			children = (
				F5CD18B2296ECDF1000078B0 /* AppDelegate.swift */,
				F5CD18B4296ECDF1000078B0 /* SceneDelegate.swift */,
			);
			path = AppDelegate;
			sourceTree = "<group>";
		};
		F5CD18CC296ED1D2000078B0 /* View */ = {
			isa = PBXGroup;
			children = (
				F5CD18B8296ECDF1000078B0 /* Main.storyboard */,
				F5CD18BD296ECDF2000078B0 /* LaunchScreen.storyboard */,
			);
			path = View;
			sourceTree = "<group>";
		};
		F5CD18CD296ED1E1000078B0 /* Controller */ = {
			isa = PBXGroup;
			children = (
				F5CD18D4296ED533000078B0 /* TasksListsTVC.swift */,
				F55FB27329706CD90019D8DD /* TasksTVC.swift */,
			);
			path = Controller;
			sourceTree = "<group>";
		};
		F5CD18CE296ED1F1000078B0 /* Model */ = {
			isa = PBXGroup;
			children = (
				F5CD18D0296ED39D000078B0 /* TasksList.swift */,
				F5CD18D2296ED3EF000078B0 /* ListModel.swift */,
			);
			path = Model;
			sourceTree = "<group>";
		};
		F5CD18CF296ED1FC000078B0 /* Manager */ = {
			isa = PBXGroup;
			children = (
				F5CD18D6296ED7DE000078B0 /* StorageManager.swift */,
			);
			path = Manager;
			sourceTree = "<group>";
		};
/* End PBXGroup section */

/* Begin PBXNativeTarget section */
		F5CD18AE296ECDF1000078B0 /* RealmApp */ = {
			isa = PBXNativeTarget;
			buildConfigurationList = F5CD18C3296ECDF2000078B0 /* Build configuration list for PBXNativeTarget "RealmApp" */;
			buildPhases = (
				F5CD18AB296ECDF1000078B0 /* Sources */,
				F5CD18AC296ECDF1000078B0 /* Frameworks */,
				F5CD18AD296ECDF1000078B0 /* Resources */,
			);
			buildRules = (
			);
			dependencies = (
			);
			name = RealmApp;
			packageProductDependencies = (
				F5CD18C7296ED123000078B0 /* Realm */,
				F5CD18C9296ED123000078B0 /* RealmSwift */,
			);
			productName = RealmApp;
			productReference = F5CD18AF296ECDF1000078B0 /* RealmApp.app */;
			productType = "com.apple.product-type.application";
		};
/* End PBXNativeTarget section */

/* Begin PBXProject section */
		F5CD18A7296ECDF1000078B0 /* Project object */ = {
			isa = PBXProject;
			attributes = {
				BuildIndependentTargetsInParallel = 1;
				LastSwiftUpdateCheck = 1420;
				LastUpgradeCheck = 1420;
				TargetAttributes = {
					F5CD18AE296ECDF1000078B0 = {
						CreatedOnToolsVersion = 14.2;
					};
				};
			};
			buildConfigurationList = F5CD18AA296ECDF1000078B0 /* Build configuration list for PBXProject "RealmApp" */;
			compatibilityVersion = "Xcode 14.0";
			developmentRegion = en;
			hasScannedForEncodings = 0;
			knownRegions = (
				en,
				Base,
			);
			mainGroup = F5CD18A6296ECDF1000078B0;
			packageReferences = (
				F5CD18C6296ED123000078B0 /* XCRemoteSwiftPackageReference "realm-swift" */,
			);
			productRefGroup = F5CD18B0296ECDF1000078B0 /* Products */;
			projectDirPath = "";
			projectRoot = "";
			targets = (
				F5CD18AE296ECDF1000078B0 /* RealmApp */,
			);
		};
/* End PBXProject section */

/* Begin PBXResourcesBuildPhase section */
		F5CD18AD296ECDF1000078B0 /* Resources */ = {
			isa = PBXResourcesBuildPhase;
			buildActionMask = 2147483647;
			files = (
				F5CD18BF296ECDF2000078B0 /* LaunchScreen.storyboard in Resources */,
				F5CD18BC296ECDF2000078B0 /* Assets.xcassets in Resources */,
				F5CD18BA296ECDF1000078B0 /* Main.storyboard in Resources */,
			);
			runOnlyForDeploymentPostprocessing = 0;
		};
/* End PBXResourcesBuildPhase section */

/* Begin PBXSourcesBuildPhase section */
		F5CD18AB296ECDF1000078B0 /* Sources */ = {
			isa = PBXSourcesBuildPhase;
			buildActionMask = 2147483647;
			files = (
				F5CD18D1296ED39D000078B0 /* TasksList.swift in Sources */,
				F5CD18B3296ECDF1000078B0 /* AppDelegate.swift in Sources */,
				F55FB27429706CD90019D8DD /* TasksTVC.swift in Sources */,
				F5CD18B5296ECDF1000078B0 /* SceneDelegate.swift in Sources */,
				F5CD18D7296ED7DE000078B0 /* StorageManager.swift in Sources */,
				F5CD18D3296ED3EF000078B0 /* ListModel.swift in Sources */,
				F5CD18D5296ED533000078B0 /* TasksListsTVC.swift in Sources */,
			);
			runOnlyForDeploymentPostprocessing = 0;
		};
/* End PBXSourcesBuildPhase section */

/* Begin PBXVariantGroup section */
		F5CD18B8296ECDF1000078B0 /* Main.storyboard */ = {
			isa = PBXVariantGroup;
			children = (
				F5CD18B9296ECDF1000078B0 /* Base */,
			);
			name = Main.storyboard;
			sourceTree = "<group>";
		};
		F5CD18BD296ECDF2000078B0 /* LaunchScreen.storyboard */ = {
			isa = PBXVariantGroup;
			children = (
				F5CD18BE296ECDF2000078B0 /* Base */,
			);
			name = LaunchScreen.storyboard;
			sourceTree = "<group>";
		};
/* End PBXVariantGroup section */

/* Begin XCBuildConfiguration section */
		F5CD18C1296ECDF2000078B0 /* Debug */ = {
			isa = XCBuildConfiguration;
			buildSettings = {
				ALWAYS_SEARCH_USER_PATHS = NO;
				CLANG_ANALYZER_NONNULL = YES;
				CLANG_ANALYZER_NUMBER_OBJECT_CONVERSION = YES_AGGRESSIVE;
				CLANG_CXX_LANGUAGE_STANDARD = "gnu++20";
				CLANG_ENABLE_MODULES = YES;
				CLANG_ENABLE_OBJC_ARC = YES;
				CLANG_ENABLE_OBJC_WEAK = YES;
				CLANG_WARN_BLOCK_CAPTURE_AUTORELEASING = YES;
				CLANG_WARN_BOOL_CONVERSION = YES;
				CLANG_WARN_COMMA = YES;
				CLANG_WARN_CONSTANT_CONVERSION = YES;
				CLANG_WARN_DEPRECATED_OBJC_IMPLEMENTATIONS = YES;
				CLANG_WARN_DIRECT_OBJC_ISA_USAGE = YES_ERROR;
				CLANG_WARN_DOCUMENTATION_COMMENTS = YES;
				CLANG_WARN_EMPTY_BODY = YES;
				CLANG_WARN_ENUM_CONVERSION = YES;
				CLANG_WARN_INFINITE_RECURSION = YES;
				CLANG_WARN_INT_CONVERSION = YES;
				CLANG_WARN_NON_LITERAL_NULL_CONVERSION = YES;
				CLANG_WARN_OBJC_IMPLICIT_RETAIN_SELF = YES;
				CLANG_WARN_OBJC_LITERAL_CONVERSION = YES;
				CLANG_WARN_OBJC_ROOT_CLASS = YES_ERROR;
				CLANG_WARN_QUOTED_INCLUDE_IN_FRAMEWORK_HEADER = YES;
				CLANG_WARN_RANGE_LOOP_ANALYSIS = YES;
				CLANG_WARN_STRICT_PROTOTYPES = YES;
				CLANG_WARN_SUSPICIOUS_MOVE = YES;
				CLANG_WARN_UNGUARDED_AVAILABILITY = YES_AGGRESSIVE;
				CLANG_WARN_UNREACHABLE_CODE = YES;
				CLANG_WARN__DUPLICATE_METHOD_MATCH = YES;
				COPY_PHASE_STRIP = NO;
				DEBUG_INFORMATION_FORMAT = dwarf;
				ENABLE_STRICT_OBJC_MSGSEND = YES;
				ENABLE_TESTABILITY = YES;
				GCC_C_LANGUAGE_STANDARD = gnu11;
				GCC_DYNAMIC_NO_PIC = NO;
				GCC_NO_COMMON_BLOCKS = YES;
				GCC_OPTIMIZATION_LEVEL = 0;
				GCC_PREPROCESSOR_DEFINITIONS = (
					"DEBUG=1",
					"$(inherited)",
				);
				GCC_WARN_64_TO_32_BIT_CONVERSION = YES;
				GCC_WARN_ABOUT_RETURN_TYPE = YES_ERROR;
				GCC_WARN_UNDECLARED_SELECTOR = YES;
				GCC_WARN_UNINITIALIZED_AUTOS = YES_AGGRESSIVE;
				GCC_WARN_UNUSED_FUNCTION = YES;
				GCC_WARN_UNUSED_VARIABLE = YES;
				IPHONEOS_DEPLOYMENT_TARGET = 16.2;
				MTL_ENABLE_DEBUG_INFO = INCLUDE_SOURCE;
				MTL_FAST_MATH = YES;
				ONLY_ACTIVE_ARCH = YES;
				SDKROOT = iphoneos;
				SWIFT_ACTIVE_COMPILATION_CONDITIONS = DEBUG;
				SWIFT_OPTIMIZATION_LEVEL = "-Onone";
			};
			name = Debug;
		};
		F5CD18C2296ECDF2000078B0 /* Release */ = {
			isa = XCBuildConfiguration;
			buildSettings = {
				ALWAYS_SEARCH_USER_PATHS = NO;
				CLANG_ANALYZER_NONNULL = YES;
				CLANG_ANALYZER_NUMBER_OBJECT_CONVERSION = YES_AGGRESSIVE;
				CLANG_CXX_LANGUAGE_STANDARD = "gnu++20";
				CLANG_ENABLE_MODULES = YES;
				CLANG_ENABLE_OBJC_ARC = YES;
				CLANG_ENABLE_OBJC_WEAK = YES;
				CLANG_WARN_BLOCK_CAPTURE_AUTORELEASING = YES;
				CLANG_WARN_BOOL_CONVERSION = YES;
				CLANG_WARN_COMMA = YES;
				CLANG_WARN_CONSTANT_CONVERSION = YES;
				CLANG_WARN_DEPRECATED_OBJC_IMPLEMENTATIONS = YES;
				CLANG_WARN_DIRECT_OBJC_ISA_USAGE = YES_ERROR;
				CLANG_WARN_DOCUMENTATION_COMMENTS = YES;
				CLANG_WARN_EMPTY_BODY = YES;
				CLANG_WARN_ENUM_CONVERSION = YES;
				CLANG_WARN_INFINITE_RECURSION = YES;
				CLANG_WARN_INT_CONVERSION = YES;
				CLANG_WARN_NON_LITERAL_NULL_CONVERSION = YES;
				CLANG_WARN_OBJC_IMPLICIT_RETAIN_SELF = YES;
				CLANG_WARN_OBJC_LITERAL_CONVERSION = YES;
				CLANG_WARN_OBJC_ROOT_CLASS = YES_ERROR;
				CLANG_WARN_QUOTED_INCLUDE_IN_FRAMEWORK_HEADER = YES;
				CLANG_WARN_RANGE_LOOP_ANALYSIS = YES;
				CLANG_WARN_STRICT_PROTOTYPES = YES;
				CLANG_WARN_SUSPICIOUS_MOVE = YES;
				CLANG_WARN_UNGUARDED_AVAILABILITY = YES_AGGRESSIVE;
				CLANG_WARN_UNREACHABLE_CODE = YES;
				CLANG_WARN__DUPLICATE_METHOD_MATCH = YES;
				COPY_PHASE_STRIP = NO;
				DEBUG_INFORMATION_FORMAT = "dwarf-with-dsym";
				ENABLE_NS_ASSERTIONS = NO;
				ENABLE_STRICT_OBJC_MSGSEND = YES;
				GCC_C_LANGUAGE_STANDARD = gnu11;
				GCC_NO_COMMON_BLOCKS = YES;
				GCC_WARN_64_TO_32_BIT_CONVERSION = YES;
				GCC_WARN_ABOUT_RETURN_TYPE = YES_ERROR;
				GCC_WARN_UNDECLARED_SELECTOR = YES;
				GCC_WARN_UNINITIALIZED_AUTOS = YES_AGGRESSIVE;
				GCC_WARN_UNUSED_FUNCTION = YES;
				GCC_WARN_UNUSED_VARIABLE = YES;
				IPHONEOS_DEPLOYMENT_TARGET = 16.2;
				MTL_ENABLE_DEBUG_INFO = NO;
				MTL_FAST_MATH = YES;
				SDKROOT = iphoneos;
				SWIFT_COMPILATION_MODE = wholemodule;
				SWIFT_OPTIMIZATION_LEVEL = "-O";
				VALIDATE_PRODUCT = YES;
			};
			name = Release;
		};
		F5CD18C4296ECDF2000078B0 /* Debug */ = {
			isa = XCBuildConfiguration;
			buildSettings = {
				ASSETCATALOG_COMPILER_APPICON_NAME = AppIcon;
				ASSETCATALOG_COMPILER_GLOBAL_ACCENT_COLOR_NAME = AccentColor;
				CODE_SIGN_STYLE = Automatic;
				CURRENT_PROJECT_VERSION = 1;
				DEVELOPMENT_TEAM = L8L67VZR25;
				GENERATE_INFOPLIST_FILE = YES;
				INFOPLIST_FILE = RealmApp/Info.plist;
				INFOPLIST_KEY_UIApplicationSupportsIndirectInputEvents = YES;
				INFOPLIST_KEY_UILaunchStoryboardName = LaunchScreen;
				INFOPLIST_KEY_UIMainStoryboardFile = Main;
				INFOPLIST_KEY_UISupportedInterfaceOrientations_iPad = "UIInterfaceOrientationPortrait UIInterfaceOrientationPortraitUpsideDown UIInterfaceOrientationLandscapeLeft UIInterfaceOrientationLandscapeRight";
				INFOPLIST_KEY_UISupportedInterfaceOrientations_iPhone = "UIInterfaceOrientationPortrait UIInterfaceOrientationLandscapeLeft UIInterfaceOrientationLandscapeRight";
				LD_RUNPATH_SEARCH_PATHS = (
					"$(inherited)",
					"@executable_path/Frameworks",
				);
				MARKETING_VERSION = 1.0;
				PRODUCT_BUNDLE_IDENTIFIER = "com.sattdima34-gmail.RealmApp";
				PRODUCT_NAME = "$(TARGET_NAME)";
				SWIFT_EMIT_LOC_STRINGS = YES;
				SWIFT_VERSION = 5.0;
				TARGETED_DEVICE_FAMILY = "1,2";
			};
			name = Debug;
		};
		F5CD18C5296ECDF2000078B0 /* Release */ = {
			isa = XCBuildConfiguration;
			buildSettings = {
				ASSETCATALOG_COMPILER_APPICON_NAME = AppIcon;
				ASSETCATALOG_COMPILER_GLOBAL_ACCENT_COLOR_NAME = AccentColor;
				CODE_SIGN_STYLE = Automatic;
				CURRENT_PROJECT_VERSION = 1;
				DEVELOPMENT_TEAM = L8L67VZR25;
				GENERATE_INFOPLIST_FILE = YES;
				INFOPLIST_FILE = RealmApp/Info.plist;
				INFOPLIST_KEY_UIApplicationSupportsIndirectInputEvents = YES;
				INFOPLIST_KEY_UILaunchStoryboardName = LaunchScreen;
				INFOPLIST_KEY_UIMainStoryboardFile = Main;
				INFOPLIST_KEY_UISupportedInterfaceOrientations_iPad = "UIInterfaceOrientationPortrait UIInterfaceOrientationPortraitUpsideDown UIInterfaceOrientationLandscapeLeft UIInterfaceOrientationLandscapeRight";
				INFOPLIST_KEY_UISupportedInterfaceOrientations_iPhone = "UIInterfaceOrientationPortrait UIInterfaceOrientationLandscapeLeft UIInterfaceOrientationLandscapeRight";
				LD_RUNPATH_SEARCH_PATHS = (
					"$(inherited)",
					"@executable_path/Frameworks",
				);
				MARKETING_VERSION = 1.0;
				PRODUCT_BUNDLE_IDENTIFIER = "com.sattdima34-gmail.RealmApp";
				PRODUCT_NAME = "$(TARGET_NAME)";
				SWIFT_EMIT_LOC_STRINGS = YES;
				SWIFT_VERSION = 5.0;
				TARGETED_DEVICE_FAMILY = "1,2";
			};
			name = Release;
		};
/* End XCBuildConfiguration section */

/* Begin XCConfigurationList section */
		F5CD18AA296ECDF1000078B0 /* Build configuration list for PBXProject "RealmApp" */ = {
			isa = XCConfigurationList;
			buildConfigurations = (
				F5CD18C1296ECDF2000078B0 /* Debug */,
				F5CD18C2296ECDF2000078B0 /* Release */,
			);
			defaultConfigurationIsVisible = 0;
			defaultConfigurationName = Release;
		};
		F5CD18C3296ECDF2000078B0 /* Build configuration list for PBXNativeTarget "RealmApp" */ = {
			isa = XCConfigurationList;
			buildConfigurations = (
				F5CD18C4296ECDF2000078B0 /* Debug */,
				F5CD18C5296ECDF2000078B0 /* Release */,
			);
			defaultConfigurationIsVisible = 0;
			defaultConfigurationName = Release;
		};
/* End XCConfigurationList section */

/* Begin XCRemoteSwiftPackageReference section */
		F5CD18C6296ED123000078B0 /* XCRemoteSwiftPackageReference "realm-swift" */ = {
			isa = XCRemoteSwiftPackageReference;
			repositoryURL = "https://github.com/realm/realm-swift.git";
			requirement = {
				kind = upToNextMajorVersion;
				minimumVersion = 10.33.0;
			};
		};
/* End XCRemoteSwiftPackageReference section */

/* Begin XCSwiftPackageProductDependency section */
		F5CD18C7296ED123000078B0 /* Realm */ = {
			isa = XCSwiftPackageProductDependency;
			package = F5CD18C6296ED123000078B0 /* XCRemoteSwiftPackageReference "realm-swift" */;
			productName = Realm;
		};
		F5CD18C9296ED123000078B0 /* RealmSwift */ = {
			isa = XCSwiftPackageProductDependency;
			package = F5CD18C6296ED123000078B0 /* XCRemoteSwiftPackageReference "realm-swift" */;
			productName = RealmSwift;
		};
/* End XCSwiftPackageProductDependency section */
	};
	rootObject = F5CD18A7296ECDF1000078B0 /* Project object */;
}
